// !$*UTF8*$!
{
	archiveVersion = 1;
	classes = {
	};
	objectVersion = 50;
	objects = {

/* Begin PBXAggregateTarget section */
		325FF74E21F0709800A899CF /* Aggregate */ = {
			isa = PBXAggregateTarget;
			buildConfigurationList = 325FF74F21F0709800A899CF /* Build configuration list for PBXAggregateTarget "Aggregate" */;
			buildPhases = (
				325FF75221F0709F00A899CF /* ShellScript */,
			);
			dependencies = (
			);
			name = Aggregate;
			productName = Aggregate;
		};
/* End PBXAggregateTarget section */

/* Begin PBXBuildFile section */
		3211A414231CA60900DB0225 /* RUNABannerViewMeasurable.m in Sources */ = {isa = PBXBuildFile; fileRef = 3211A413231CA60900DB0225 /* RUNABannerViewMeasurable.m */; };
		32269B9825EF13AC002A623B /* RUNABannerGroupExtension.h in Headers */ = {isa = PBXBuildFile; fileRef = 32269B9625EF13AC002A623B /* RUNABannerGroupExtension.h */; settings = {ATTRIBUTES = (Public, ); }; };
		32269B9925EF13AC002A623B /* RUNABannerGroupExtension.m in Sources */ = {isa = PBXBuildFile; fileRef = 32269B9725EF13AC002A623B /* RUNABannerGroupExtension.m */; };
		323DA56A25DF8209002ED988 /* RUNABannerGroup.h in Headers */ = {isa = PBXBuildFile; fileRef = 323DA56825DF8209002ED988 /* RUNABannerGroup.h */; settings = {ATTRIBUTES = (Public, ); }; };
		323DA56B25DF8209002ED988 /* RUNABannerGroup.m in Sources */ = {isa = PBXBuildFile; fileRef = 323DA56925DF8209002ED988 /* RUNABannerGroup.m */; };
		32564D9C2227865100DB4DBF /* RUNABannerAdapter.h in Headers */ = {isa = PBXBuildFile; fileRef = 32564D9A2227865100DB4DBF /* RUNABannerAdapter.h */; };
		32564D9D2227865100DB4DBF /* RUNABannerAdapter.m in Sources */ = {isa = PBXBuildFile; fileRef = 32564D9B2227865100DB4DBF /* RUNABannerAdapter.m */; };
		325FF74121E605F100A899CF /* RUNACore.framework in Frameworks */ = {isa = PBXBuildFile; fileRef = 32F25A1D21E5A96C001FD9C0 /* RUNACore.framework */; };
		329753AB230A7D4C002A53CC /* RUNAMeasurement.h in Headers */ = {isa = PBXBuildFile; fileRef = 329753A9230A7D4C002A53CC /* RUNAMeasurement.h */; };
		329753AC230A7D4C002A53CC /* RUNAMeasurement.m in Sources */ = {isa = PBXBuildFile; fileRef = 329753AA230A7D4C002A53CC /* RUNAMeasurement.m */; };
		32A693422237BBA800812DF9 /* RUNANativeAdAdapter.h in Headers */ = {isa = PBXBuildFile; fileRef = 32A693402237BBA800812DF9 /* RUNANativeAdAdapter.h */; };
		32A693462240E31700812DF9 /* RUNANativeAd.h in Headers */ = {isa = PBXBuildFile; fileRef = 32A693442240E31700812DF9 /* RUNANativeAd.h */; };
		32A6934B22422FCD00812DF9 /* RUNANativeAdInner.h in Headers */ = {isa = PBXBuildFile; fileRef = 32A6934922422FCD00812DF9 /* RUNANativeAdInner.h */; };
		32ED78B9236693AB007833DF /* RUNABannerViewExtension.h in Headers */ = {isa = PBXBuildFile; fileRef = 32ED78B7236693AB007833DF /* RUNABannerViewExtension.h */; settings = {ATTRIBUTES = (Public, ); }; };
		32ED78BA236693AB007833DF /* RUNABannerViewExtension.m in Sources */ = {isa = PBXBuildFile; fileRef = 32ED78B8236693AB007833DF /* RUNABannerViewExtension.m */; };
		32EFC6BD25AE8281006F85C8 /* RUNAAdSession.h in Headers */ = {isa = PBXBuildFile; fileRef = 32EFC6BB25AE8281006F85C8 /* RUNAAdSession.h */; settings = {ATTRIBUTES = (Public, ); }; };
		32EFC6BE25AE8281006F85C8 /* RUNAAdSession.m in Sources */ = {isa = PBXBuildFile; fileRef = 32EFC6BC25AE8281006F85C8 /* RUNAAdSession.m */; };
		32EFC6C825AE8356006F85C8 /* RUNAAdSessionInner.h in Headers */ = {isa = PBXBuildFile; fileRef = 32EFC6C425AE82AA006F85C8 /* RUNAAdSessionInner.h */; };
		32F258EA21E58689001FD9C0 /* RUNABanner.framework in Frameworks */ = {isa = PBXBuildFile; fileRef = 32F258E021E58689001FD9C0 /* RUNABanner.framework */; };
		32F258F121E58689001FD9C0 /* RUNABanner.h in Headers */ = {isa = PBXBuildFile; fileRef = 32F258E321E58689001FD9C0 /* RUNABanner.h */; settings = {ATTRIBUTES = (Public, ); }; };
		32F2596021E597E5001FD9C0 /* RUNABannerView.h in Headers */ = {isa = PBXBuildFile; fileRef = 32F2595121E597E5001FD9C0 /* RUNABannerView.h */; settings = {ATTRIBUTES = (Public, ); }; };
		32F2596121E597E5001FD9C0 /* RUNABannerViewInner.m in Sources */ = {isa = PBXBuildFile; fileRef = 32F2595221E597E5001FD9C0 /* RUNABannerViewInner.m */; };
		541D745A267095390036038F /* bid.json in Resources */ = {isa = PBXBuildFile; fileRef = 541D7459267095390036038F /* bid.json */; };
		541D746126709A080036038F /* bid.json in Resources */ = {isa = PBXBuildFile; fileRef = 541D7459267095390036038F /* bid.json */; };
		5434A129268085D4007C77C2 /* RUNABannerGroupTest.m in Sources */ = {isa = PBXBuildFile; fileRef = 5434A128268085D4007C77C2 /* RUNABannerGroupTest.m */; };
		544DBC8226565D76009BD04E /* RUNABannerViewMeasurableTest.m in Sources */ = {isa = PBXBuildFile; fileRef = 544DBC8126565D76009BD04E /* RUNABannerViewMeasurableTest.m */; };
		54B83C062660693400A64540 /* mock.js in Resources */ = {isa = PBXBuildFile; fileRef = 54B83C052660693400A64540 /* mock.js */; };
		54B83C072660693400A64540 /* mock.js in Resources */ = {isa = PBXBuildFile; fileRef = 54B83C052660693400A64540 /* mock.js */; };
		54BF02A92657A8F100B2CCE4 /* MainViewController.h in Headers */ = {isa = PBXBuildFile; fileRef = 54BF02A72657A8F100B2CCE4 /* MainViewController.h */; };
		54BF02AA2657A8F100B2CCE4 /* MainViewController.m in Sources */ = {isa = PBXBuildFile; fileRef = 54BF02A82657A8F100B2CCE4 /* MainViewController.m */; };
		54BF02AB2657A8F100B2CCE4 /* MainViewController.m in Sources */ = {isa = PBXBuildFile; fileRef = 54BF02A82657A8F100B2CCE4 /* MainViewController.m */; };
		54BF02FA265CD2CC00B2CCE4 /* RUNABannerViewInnerTest.m in Sources */ = {isa = PBXBuildFile; fileRef = 54BF02F9265CD2CC00B2CCE4 /* RUNABannerViewInnerTest.m */; };
		54BF0313265CF1DB00B2CCE4 /* RUNABannerView+Stub.h in Headers */ = {isa = PBXBuildFile; fileRef = 54BF0311265CF1DB00B2CCE4 /* RUNABannerView+Stub.h */; };
		54BF0314265CF1DB00B2CCE4 /* RUNABannerView+Stub.m in Sources */ = {isa = PBXBuildFile; fileRef = 54BF0312265CF1DB00B2CCE4 /* RUNABannerView+Stub.m */; };
		54BF0315265CF1DB00B2CCE4 /* RUNABannerView+Stub.m in Sources */ = {isa = PBXBuildFile; fileRef = 54BF0312265CF1DB00B2CCE4 /* RUNABannerView+Stub.m */; };
		54BF0404265F974100B2CCE4 /* RUNATests.m in Sources */ = {isa = PBXBuildFile; fileRef = 54BF0401265F974100B2CCE4 /* RUNATests.m */; };
		54FF0E982678688F0009D5F6 /* RUNABannerAdapterTest.m in Sources */ = {isa = PBXBuildFile; fileRef = 54FF0E972678688F0009D5F6 /* RUNABannerAdapterTest.m */; };
/* End PBXBuildFile section */

/* Begin PBXContainerItemProxy section */
		325FF74221E605F500A899CF /* PBXContainerItemProxy */ = {
			isa = PBXContainerItemProxy;
			containerPortal = 32F25A1721E5A96C001FD9C0 /* Core.xcodeproj */;
			proxyType = 1;
			remoteGlobalIDString = 32F258BB21E5866C001FD9C0;
			remoteInfo = Core;
		};
		32F258EB21E58689001FD9C0 /* PBXContainerItemProxy */ = {
			isa = PBXContainerItemProxy;
			containerPortal = 32F258D721E58689001FD9C0 /* Project object */;
			proxyType = 1;
			remoteGlobalIDString = 32F258DF21E58689001FD9C0;
			remoteInfo = RUNA;
		};
		32F25A1C21E5A96C001FD9C0 /* PBXContainerItemProxy */ = {
			isa = PBXContainerItemProxy;
			containerPortal = 32F25A1721E5A96C001FD9C0 /* Core.xcodeproj */;
			proxyType = 2;
			remoteGlobalIDString = 32F258BC21E5866C001FD9C0;
			remoteInfo = Core;
		};
		32F25A1E21E5A96C001FD9C0 /* PBXContainerItemProxy */ = {
			isa = PBXContainerItemProxy;
			containerPortal = 32F25A1721E5A96C001FD9C0 /* Core.xcodeproj */;
			proxyType = 2;
			remoteGlobalIDString = 32F258C521E5866D001FD9C0;
			remoteInfo = CoreTests;
		};
/* End PBXContainerItemProxy section */

/* Begin PBXFileReference section */
		3211A413231CA60900DB0225 /* RUNABannerViewMeasurable.m */ = {isa = PBXFileReference; lastKnownFileType = sourcecode.c.objc; path = RUNABannerViewMeasurable.m; sourceTree = "<group>"; };
		3211A417231CA7F800DB0225 /* RUNABannerViewInner.h */ = {isa = PBXFileReference; lastKnownFileType = sourcecode.c.h; path = RUNABannerViewInner.h; sourceTree = "<group>"; };
		32269B9625EF13AC002A623B /* RUNABannerGroupExtension.h */ = {isa = PBXFileReference; lastKnownFileType = sourcecode.c.h; path = RUNABannerGroupExtension.h; sourceTree = "<group>"; };
		32269B9725EF13AC002A623B /* RUNABannerGroupExtension.m */ = {isa = PBXFileReference; lastKnownFileType = sourcecode.c.objc; path = RUNABannerGroupExtension.m; sourceTree = "<group>"; };
		32269BA025EF1457002A623B /* RUNABannerGroupInner.h */ = {isa = PBXFileReference; lastKnownFileType = sourcecode.c.h; path = RUNABannerGroupInner.h; sourceTree = "<group>"; };
		323DA56825DF8209002ED988 /* RUNABannerGroup.h */ = {isa = PBXFileReference; lastKnownFileType = sourcecode.c.h; path = RUNABannerGroup.h; sourceTree = "<group>"; };
		323DA56925DF8209002ED988 /* RUNABannerGroup.m */ = {isa = PBXFileReference; lastKnownFileType = sourcecode.c.objc; path = RUNABannerGroup.m; sourceTree = "<group>"; };
		32564D9A2227865100DB4DBF /* RUNABannerAdapter.h */ = {isa = PBXFileReference; lastKnownFileType = sourcecode.c.h; path = RUNABannerAdapter.h; sourceTree = "<group>"; };
		32564D9B2227865100DB4DBF /* RUNABannerAdapter.m */ = {isa = PBXFileReference; lastKnownFileType = sourcecode.c.objc; path = RUNABannerAdapter.m; sourceTree = "<group>"; };
		325FF74521F0577900A899CF /* RUNABanner.modulemap */ = {isa = PBXFileReference; lastKnownFileType = "sourcecode.module-map"; path = RUNABanner.modulemap; sourceTree = "<group>"; };
		329753A9230A7D4C002A53CC /* RUNAMeasurement.h */ = {isa = PBXFileReference; lastKnownFileType = sourcecode.c.h; path = RUNAMeasurement.h; sourceTree = "<group>"; };
		329753AA230A7D4C002A53CC /* RUNAMeasurement.m */ = {isa = PBXFileReference; lastKnownFileType = sourcecode.c.objc; path = RUNAMeasurement.m; sourceTree = "<group>"; };
		32A693402237BBA800812DF9 /* RUNANativeAdAdapter.h */ = {isa = PBXFileReference; lastKnownFileType = sourcecode.c.h; path = RUNANativeAdAdapter.h; sourceTree = "<group>"; };
		32A693412237BBA800812DF9 /* RUNANativeAdAdapter.m */ = {isa = PBXFileReference; lastKnownFileType = sourcecode.c.objc; path = RUNANativeAdAdapter.m; sourceTree = "<group>"; };
		32A693442240E31700812DF9 /* RUNANativeAd.h */ = {isa = PBXFileReference; lastKnownFileType = sourcecode.c.h; path = RUNANativeAd.h; sourceTree = "<group>"; };
		32A693452240E31700812DF9 /* RUNANativeAdProvider.m */ = {isa = PBXFileReference; lastKnownFileType = sourcecode.c.objc; path = RUNANativeAdProvider.m; sourceTree = "<group>"; };
		32A6934922422FCD00812DF9 /* RUNANativeAdInner.h */ = {isa = PBXFileReference; lastKnownFileType = sourcecode.c.h; path = RUNANativeAdInner.h; sourceTree = "<group>"; };
		32A6934A22422FCD00812DF9 /* RUNANativeAdInner.m */ = {isa = PBXFileReference; lastKnownFileType = sourcecode.c.objc; path = RUNANativeAdInner.m; sourceTree = "<group>"; };
		32ED78B7236693AB007833DF /* RUNABannerViewExtension.h */ = {isa = PBXFileReference; lastKnownFileType = sourcecode.c.h; path = RUNABannerViewExtension.h; sourceTree = "<group>"; };
		32ED78B8236693AB007833DF /* RUNABannerViewExtension.m */ = {isa = PBXFileReference; lastKnownFileType = sourcecode.c.objc; path = RUNABannerViewExtension.m; sourceTree = "<group>"; };
		32EFC6BB25AE8281006F85C8 /* RUNAAdSession.h */ = {isa = PBXFileReference; lastKnownFileType = sourcecode.c.h; path = RUNAAdSession.h; sourceTree = "<group>"; };
		32EFC6BC25AE8281006F85C8 /* RUNAAdSession.m */ = {isa = PBXFileReference; lastKnownFileType = sourcecode.c.objc; path = RUNAAdSession.m; sourceTree = "<group>"; };
		32EFC6C425AE82AA006F85C8 /* RUNAAdSessionInner.h */ = {isa = PBXFileReference; lastKnownFileType = sourcecode.c.h; path = RUNAAdSessionInner.h; sourceTree = "<group>"; };
		32F258E021E58689001FD9C0 /* RUNABanner.framework */ = {isa = PBXFileReference; explicitFileType = wrapper.framework; includeInIndex = 0; path = RUNABanner.framework; sourceTree = BUILT_PRODUCTS_DIR; };
		32F258E321E58689001FD9C0 /* RUNABanner.h */ = {isa = PBXFileReference; lastKnownFileType = sourcecode.c.h; path = RUNABanner.h; sourceTree = "<group>"; };
		32F258E421E58689001FD9C0 /* Info.plist */ = {isa = PBXFileReference; lastKnownFileType = text.plist.xml; path = Info.plist; sourceTree = "<group>"; };
		32F258E921E58689001FD9C0 /* BannerTests.xctest */ = {isa = PBXFileReference; explicitFileType = wrapper.cfbundle; includeInIndex = 0; path = BannerTests.xctest; sourceTree = BUILT_PRODUCTS_DIR; };
		32F258F021E58689001FD9C0 /* Info.plist */ = {isa = PBXFileReference; lastKnownFileType = text.plist.xml; path = Info.plist; sourceTree = "<group>"; };
		32F2595121E597E5001FD9C0 /* RUNABannerView.h */ = {isa = PBXFileReference; fileEncoding = 4; lastKnownFileType = sourcecode.c.h; path = RUNABannerView.h; sourceTree = "<group>"; };
		32F2595221E597E5001FD9C0 /* RUNABannerViewInner.m */ = {isa = PBXFileReference; fileEncoding = 4; lastKnownFileType = sourcecode.c.objc; path = RUNABannerViewInner.m; sourceTree = "<group>"; };
		32F25A1221E5A4E5001FD9C0 /* PrefixHeader.pch */ = {isa = PBXFileReference; lastKnownFileType = sourcecode.c.h; path = PrefixHeader.pch; sourceTree = "<group>"; };
		32F25A1721E5A96C001FD9C0 /* Core.xcodeproj */ = {isa = PBXFileReference; lastKnownFileType = "wrapper.pb-project"; name = Core.xcodeproj; path = ../Core/Core.xcodeproj; sourceTree = "<group>"; };
		541D7459267095390036038F /* bid.json */ = {isa = PBXFileReference; lastKnownFileType = text.json; path = bid.json; sourceTree = "<group>"; };
		5434A128268085D4007C77C2 /* RUNABannerGroupTest.m */ = {isa = PBXFileReference; lastKnownFileType = sourcecode.c.objc; path = RUNABannerGroupTest.m; sourceTree = "<group>"; };
		544DBC8126565D76009BD04E /* RUNABannerViewMeasurableTest.m */ = {isa = PBXFileReference; lastKnownFileType = sourcecode.c.objc; path = RUNABannerViewMeasurableTest.m; sourceTree = "<group>"; };
		54B83C052660693400A64540 /* mock.js */ = {isa = PBXFileReference; fileEncoding = 4; lastKnownFileType = sourcecode.javascript; path = mock.js; sourceTree = "<group>"; };
		54BF02A72657A8F100B2CCE4 /* MainViewController.h */ = {isa = PBXFileReference; lastKnownFileType = sourcecode.c.h; path = MainViewController.h; sourceTree = "<group>"; };
		54BF02A82657A8F100B2CCE4 /* MainViewController.m */ = {isa = PBXFileReference; lastKnownFileType = sourcecode.c.objc; path = MainViewController.m; sourceTree = "<group>"; };
		54BF02F9265CD2CC00B2CCE4 /* RUNABannerViewInnerTest.m */ = {isa = PBXFileReference; lastKnownFileType = sourcecode.c.objc; path = RUNABannerViewInnerTest.m; sourceTree = "<group>"; };
		54BF0311265CF1DB00B2CCE4 /* RUNABannerView+Stub.h */ = {isa = PBXFileReference; lastKnownFileType = sourcecode.c.h; path = "RUNABannerView+Stub.h"; sourceTree = "<group>"; };
		54BF0312265CF1DB00B2CCE4 /* RUNABannerView+Stub.m */ = {isa = PBXFileReference; lastKnownFileType = sourcecode.c.objc; path = "RUNABannerView+Stub.m"; sourceTree = "<group>"; };
		54BF0401265F974100B2CCE4 /* RUNATests.m */ = {isa = PBXFileReference; fileEncoding = 4; lastKnownFileType = sourcecode.c.objc; path = RUNATests.m; sourceTree = "<group>"; };
		54FF0E972678688F0009D5F6 /* RUNABannerAdapterTest.m */ = {isa = PBXFileReference; lastKnownFileType = sourcecode.c.objc; path = RUNABannerAdapterTest.m; sourceTree = "<group>"; };
/* End PBXFileReference section */

/* Begin PBXFrameworksBuildPhase section */
		32F258DD21E58689001FD9C0 /* Frameworks */ = {
			isa = PBXFrameworksBuildPhase;
			buildActionMask = 2147483647;
			files = (
				325FF74121E605F100A899CF /* RUNACore.framework in Frameworks */,
			);
			runOnlyForDeploymentPostprocessing = 0;
		};
		32F258E621E58689001FD9C0 /* Frameworks */ = {
			isa = PBXFrameworksBuildPhase;
			buildActionMask = 2147483647;
			files = (
				32F258EA21E58689001FD9C0 /* RUNABanner.framework in Frameworks */,
			);
			runOnlyForDeploymentPostprocessing = 0;
		};
/* End PBXFrameworksBuildPhase section */

/* Begin PBXGroup section */
		32132858230A5E2900DA92AC /* Measurement */ = {
			isa = PBXGroup;
			children = (
				329753A9230A7D4C002A53CC /* RUNAMeasurement.h */,
				329753AA230A7D4C002A53CC /* RUNAMeasurement.m */,
				3211A413231CA60900DB0225 /* RUNABannerViewMeasurable.m */,
			);
			path = Measurement;
			sourceTree = "<group>";
		};
		32564D912226305500DB4DBF /* Banner */ = {
			isa = PBXGroup;
			children = (
				32F258E321E58689001FD9C0 /* RUNABanner.h */,
				32F2595121E597E5001FD9C0 /* RUNABannerView.h */,
				3211A417231CA7F800DB0225 /* RUNABannerViewInner.h */,
				32F2595221E597E5001FD9C0 /* RUNABannerViewInner.m */,
				32564D9A2227865100DB4DBF /* RUNABannerAdapter.h */,
				32564D9B2227865100DB4DBF /* RUNABannerAdapter.m */,
				32ED78B7236693AB007833DF /* RUNABannerViewExtension.h */,
				32ED78B8236693AB007833DF /* RUNABannerViewExtension.m */,
				32EFC6BB25AE8281006F85C8 /* RUNAAdSession.h */,
				32EFC6C425AE82AA006F85C8 /* RUNAAdSessionInner.h */,
				32EFC6BC25AE8281006F85C8 /* RUNAAdSession.m */,
				323DA56825DF8209002ED988 /* RUNABannerGroup.h */,
				32269BA025EF1457002A623B /* RUNABannerGroupInner.h */,
				323DA56925DF8209002ED988 /* RUNABannerGroup.m */,
				32269B9625EF13AC002A623B /* RUNABannerGroupExtension.h */,
				32269B9725EF13AC002A623B /* RUNABannerGroupExtension.m */,
			);
			path = Banner;
			sourceTree = "<group>";
		};
		32A6933F2237BB8700812DF9 /* NativeAd */ = {
			isa = PBXGroup;
			children = (
				32A693442240E31700812DF9 /* RUNANativeAd.h */,
				32A693452240E31700812DF9 /* RUNANativeAdProvider.m */,
				32A6934922422FCD00812DF9 /* RUNANativeAdInner.h */,
				32A6934A22422FCD00812DF9 /* RUNANativeAdInner.m */,
				32A693402237BBA800812DF9 /* RUNANativeAdAdapter.h */,
				32A693412237BBA800812DF9 /* RUNANativeAdAdapter.m */,
			);
			path = NativeAd;
			sourceTree = "<group>";
		};
		32F258D621E58689001FD9C0 = {
			isa = PBXGroup;
			children = (
				32F25A1721E5A96C001FD9C0 /* Core.xcodeproj */,
				32F258E221E58689001FD9C0 /* RUNA */,
				32F258ED21E58689001FD9C0 /* RUNATests */,
				32F258E121E58689001FD9C0 /* Products */,
			);
			sourceTree = "<group>";
		};
		32F258E121E58689001FD9C0 /* Products */ = {
			isa = PBXGroup;
			children = (
				32F258E021E58689001FD9C0 /* RUNABanner.framework */,
				32F258E921E58689001FD9C0 /* BannerTests.xctest */,
			);
			name = Products;
			sourceTree = "<group>";
		};
		32F258E221E58689001FD9C0 /* RUNA */ = {
			isa = PBXGroup;
			children = (
				32132858230A5E2900DA92AC /* Measurement */,
				32A6933F2237BB8700812DF9 /* NativeAd */,
				32564D912226305500DB4DBF /* Banner */,
				32F25A1221E5A4E5001FD9C0 /* PrefixHeader.pch */,
				32F258E421E58689001FD9C0 /* Info.plist */,
				325FF74521F0577900A899CF /* RUNABanner.modulemap */,
			);
			path = RUNA;
			sourceTree = "<group>";
		};
		32F258ED21E58689001FD9C0 /* RUNATests */ = {
			isa = PBXGroup;
			children = (
				54B83C042660691500A64540 /* Resources */,
				544DBD182657927C009BD04E /* UI */,
				544DBC8026565BA4009BD04E /* Measurement */,
				54BF02F8265CD2A500B2CCE4 /* Banner */,
				54BF0401265F974100B2CCE4 /* RUNATests.m */,
				32F258F021E58689001FD9C0 /* Info.plist */,
			);
			path = RUNATests;
			sourceTree = "<group>";
		};
		32F25A1821E5A96C001FD9C0 /* Products */ = {
			isa = PBXGroup;
			children = (
				32F25A1D21E5A96C001FD9C0 /* RUNACore.framework */,
				32F25A1F21E5A96C001FD9C0 /* CoreTests.xctest */,
			);
			name = Products;
			sourceTree = "<group>";
		};
		544DBC8026565BA4009BD04E /* Measurement */ = {
			isa = PBXGroup;
			children = (
				544DBC8126565D76009BD04E /* RUNABannerViewMeasurableTest.m */,
			);
			path = Measurement;
			sourceTree = "<group>";
		};
		544DBD182657927C009BD04E /* UI */ = {
			isa = PBXGroup;
			children = (
				54BF02A72657A8F100B2CCE4 /* MainViewController.h */,
				54BF02A82657A8F100B2CCE4 /* MainViewController.m */,
			);
			path = UI;
			sourceTree = "<group>";
		};
		54B83C042660691500A64540 /* Resources */ = {
			isa = PBXGroup;
			children = (
				54B83C052660693400A64540 /* mock.js */,
				541D7459267095390036038F /* bid.json */,
			);
			path = Resources;
			sourceTree = "<group>";
		};
		54BF02F8265CD2A500B2CCE4 /* Banner */ = {
			isa = PBXGroup;
			children = (
				54BF0311265CF1DB00B2CCE4 /* RUNABannerView+Stub.h */,
				54BF0312265CF1DB00B2CCE4 /* RUNABannerView+Stub.m */,
				54BF02F9265CD2CC00B2CCE4 /* RUNABannerViewInnerTest.m */,
				54FF0E972678688F0009D5F6 /* RUNABannerAdapterTest.m */,
				5434A128268085D4007C77C2 /* RUNABannerGroupTest.m */,
			);
			path = Banner;
			sourceTree = "<group>";
		};
/* End PBXGroup section */

/* Begin PBXHeadersBuildPhase section */
		32F258DB21E58689001FD9C0 /* Headers */ = {
			isa = PBXHeadersBuildPhase;
			buildActionMask = 2147483647;
			files = (
				32A693462240E31700812DF9 /* RUNANativeAd.h in Headers */,
				32A6934B22422FCD00812DF9 /* RUNANativeAdInner.h in Headers */,
				32269B9825EF13AC002A623B /* RUNABannerGroupExtension.h in Headers */,
				32564D9C2227865100DB4DBF /* RUNABannerAdapter.h in Headers */,
				32F2596021E597E5001FD9C0 /* RUNABannerView.h in Headers */,
				32ED78B9236693AB007833DF /* RUNABannerViewExtension.h in Headers */,
				54BF02A92657A8F100B2CCE4 /* MainViewController.h in Headers */,
				54BF0313265CF1DB00B2CCE4 /* RUNABannerView+Stub.h in Headers */,
				32F258F121E58689001FD9C0 /* RUNABanner.h in Headers */,
				329753AB230A7D4C002A53CC /* RUNAMeasurement.h in Headers */,
				32A693422237BBA800812DF9 /* RUNANativeAdAdapter.h in Headers */,
				32EFC6C825AE8356006F85C8 /* RUNAAdSessionInner.h in Headers */,
				323DA56A25DF8209002ED988 /* RUNABannerGroup.h in Headers */,
				32EFC6BD25AE8281006F85C8 /* RUNAAdSession.h in Headers */,
			);
			runOnlyForDeploymentPostprocessing = 0;
		};
/* End PBXHeadersBuildPhase section */

/* Begin PBXNativeTarget section */
		32F258DF21E58689001FD9C0 /* Banner */ = {
			isa = PBXNativeTarget;
			buildConfigurationList = 32F258F421E58689001FD9C0 /* Build configuration list for PBXNativeTarget "Banner" */;
			buildPhases = (
				32F258DB21E58689001FD9C0 /* Headers */,
				32F258DC21E58689001FD9C0 /* Sources */,
				32F258DD21E58689001FD9C0 /* Frameworks */,
				32F258DE21E58689001FD9C0 /* Resources */,
			);
			buildRules = (
			);
			dependencies = (
				325FF74321E605F500A899CF /* PBXTargetDependency */,
			);
			name = Banner;
			productName = RUNA;
			productReference = 32F258E021E58689001FD9C0 /* RUNABanner.framework */;
			productType = "com.apple.product-type.framework";
		};
		32F258E821E58689001FD9C0 /* BannerTests */ = {
			isa = PBXNativeTarget;
			buildConfigurationList = 32F258F721E58689001FD9C0 /* Build configuration list for PBXNativeTarget "BannerTests" */;
			buildPhases = (
				32F258E521E58689001FD9C0 /* Sources */,
				32F258E621E58689001FD9C0 /* Frameworks */,
				32F258E721E58689001FD9C0 /* Resources */,
			);
			buildRules = (
			);
			dependencies = (
				32F258EC21E58689001FD9C0 /* PBXTargetDependency */,
			);
			name = BannerTests;
			productName = RUNATests;
			productReference = 32F258E921E58689001FD9C0 /* BannerTests.xctest */;
			productType = "com.apple.product-type.bundle.unit-test";
		};
/* End PBXNativeTarget section */

/* Begin PBXProject section */
		32F258D721E58689001FD9C0 /* Project object */ = {
			isa = PBXProject;
			attributes = {
				LastUpgradeCheck = 1200;
				ORGANIZATIONNAME = "Rakuten MPD";
				TargetAttributes = {
					325FF74E21F0709800A899CF = {
						CreatedOnToolsVersion = 10.1;
					};
					32F258DF21E58689001FD9C0 = {
						CreatedOnToolsVersion = 10.1;
					};
					32F258E821E58689001FD9C0 = {
						CreatedOnToolsVersion = 10.1;
					};
				};
			};
			buildConfigurationList = 32F258DA21E58689001FD9C0 /* Build configuration list for PBXProject "Banner" */;
			compatibilityVersion = "Xcode 9.3";
			developmentRegion = en;
			hasScannedForEncodings = 0;
			knownRegions = (
				en,
				Base,
			);
			mainGroup = 32F258D621E58689001FD9C0;
			productRefGroup = 32F258E121E58689001FD9C0 /* Products */;
			projectDirPath = "";
			projectReferences = (
				{
					ProductGroup = 32F25A1821E5A96C001FD9C0 /* Products */;
					ProjectRef = 32F25A1721E5A96C001FD9C0 /* Core.xcodeproj */;
				},
			);
			projectRoot = "";
			targets = (
				32F258DF21E58689001FD9C0 /* Banner */,
				32F258E821E58689001FD9C0 /* BannerTests */,
				325FF74E21F0709800A899CF /* Aggregate */,
			);
		};
/* End PBXProject section */

/* Begin PBXReferenceProxy section */
		32F25A1D21E5A96C001FD9C0 /* RUNACore.framework */ = {
			isa = PBXReferenceProxy;
			fileType = wrapper.framework;
			path = RUNACore.framework;
			remoteRef = 32F25A1C21E5A96C001FD9C0 /* PBXContainerItemProxy */;
			sourceTree = BUILT_PRODUCTS_DIR;
		};
		32F25A1F21E5A96C001FD9C0 /* CoreTests.xctest */ = {
			isa = PBXReferenceProxy;
			fileType = wrapper.cfbundle;
			path = CoreTests.xctest;
			remoteRef = 32F25A1E21E5A96C001FD9C0 /* PBXContainerItemProxy */;
			sourceTree = BUILT_PRODUCTS_DIR;
		};
/* End PBXReferenceProxy section */

/* Begin PBXResourcesBuildPhase section */
		32F258DE21E58689001FD9C0 /* Resources */ = {
			isa = PBXResourcesBuildPhase;
			buildActionMask = 2147483647;
			files = (
				54B83C062660693400A64540 /* mock.js in Resources */,
				541D746126709A080036038F /* bid.json in Resources */,
			);
			runOnlyForDeploymentPostprocessing = 0;
		};
		32F258E721E58689001FD9C0 /* Resources */ = {
			isa = PBXResourcesBuildPhase;
			buildActionMask = 2147483647;
			files = (
				541D745A267095390036038F /* bid.json in Resources */,
				54B83C072660693400A64540 /* mock.js in Resources */,
			);
			runOnlyForDeploymentPostprocessing = 0;
		};
/* End PBXResourcesBuildPhase section */

/* Begin PBXShellScriptBuildPhase section */
		325FF75221F0709F00A899CF /* ShellScript */ = {
			isa = PBXShellScriptBuildPhase;
			buildActionMask = 2147483647;
			files = (
			);
			inputFileListPaths = (
			);
			inputPaths = (
			);
			outputFileListPaths = (
			);
			outputPaths = (
			);
			runOnlyForDeploymentPostprocessing = 0;
			shellPath = /bin/sh;
			shellScript = "# Type a script or drag a script file from your workspace to insert its path.\n../release/carthage-iOS.sh RUNABanner\n";
		};
/* End PBXShellScriptBuildPhase section */

/* Begin PBXSourcesBuildPhase section */
		32F258DC21E58689001FD9C0 /* Sources */ = {
			isa = PBXSourcesBuildPhase;
			buildActionMask = 2147483647;
			files = (
				329753AC230A7D4C002A53CC /* RUNAMeasurement.m in Sources */,
				32F2596121E597E5001FD9C0 /* RUNABannerViewInner.m in Sources */,
				54BF0314265CF1DB00B2CCE4 /* RUNABannerView+Stub.m in Sources */,
				32EFC6BE25AE8281006F85C8 /* RUNAAdSession.m in Sources */,
				32269B9925EF13AC002A623B /* RUNABannerGroupExtension.m in Sources */,
				54BF02AA2657A8F100B2CCE4 /* MainViewController.m in Sources */,
				32ED78BA236693AB007833DF /* RUNABannerViewExtension.m in Sources */,
				3211A414231CA60900DB0225 /* RUNABannerViewMeasurable.m in Sources */,
				323DA56B25DF8209002ED988 /* RUNABannerGroup.m in Sources */,
				32564D9D2227865100DB4DBF /* RUNABannerAdapter.m in Sources */,
			);
			runOnlyForDeploymentPostprocessing = 0;
		};
		32F258E521E58689001FD9C0 /* Sources */ = {
			isa = PBXSourcesBuildPhase;
			buildActionMask = 2147483647;
			files = (
				5434A129268085D4007C77C2 /* RUNABannerGroupTest.m in Sources */,
				54BF02AB2657A8F100B2CCE4 /* MainViewController.m in Sources */,
				54BF0315265CF1DB00B2CCE4 /* RUNABannerView+Stub.m in Sources */,
				544DBC8226565D76009BD04E /* RUNABannerViewMeasurableTest.m in Sources */,
				54BF02FA265CD2CC00B2CCE4 /* RUNABannerViewInnerTest.m in Sources */,
				54BF0404265F974100B2CCE4 /* RUNATests.m in Sources */,
				54FF0E982678688F0009D5F6 /* RUNABannerAdapterTest.m in Sources */,
			);
			runOnlyForDeploymentPostprocessing = 0;
		};
/* End PBXSourcesBuildPhase section */

/* Begin PBXTargetDependency section */
		325FF74321E605F500A899CF /* PBXTargetDependency */ = {
			isa = PBXTargetDependency;
			name = Core;
			targetProxy = 325FF74221E605F500A899CF /* PBXContainerItemProxy */;
		};
		32F258EC21E58689001FD9C0 /* PBXTargetDependency */ = {
			isa = PBXTargetDependency;
			target = 32F258DF21E58689001FD9C0 /* Banner */;
			targetProxy = 32F258EB21E58689001FD9C0 /* PBXContainerItemProxy */;
		};
/* End PBXTargetDependency section */

/* Begin XCBuildConfiguration section */
		320D3AE421FEA7E3004635C8 /* Staging */ = {
			isa = XCBuildConfiguration;
			buildSettings = {
				ALWAYS_SEARCH_USER_PATHS = NO;
				BUILD_VARIANTS = normal;
				CLANG_ANALYZER_NONNULL = YES;
				CLANG_ANALYZER_NUMBER_OBJECT_CONVERSION = YES_AGGRESSIVE;
				CLANG_CXX_LANGUAGE_STANDARD = "gnu++14";
				CLANG_CXX_LIBRARY = "libc++";
				CLANG_ENABLE_MODULES = YES;
				CLANG_ENABLE_OBJC_ARC = YES;
				CLANG_ENABLE_OBJC_WEAK = YES;
				CLANG_WARN_BLOCK_CAPTURE_AUTORELEASING = YES;
				CLANG_WARN_BOOL_CONVERSION = YES;
				CLANG_WARN_COMMA = YES;
				CLANG_WARN_CONSTANT_CONVERSION = YES;
				CLANG_WARN_DEPRECATED_OBJC_IMPLEMENTATIONS = YES;
				CLANG_WARN_DIRECT_OBJC_ISA_USAGE = YES_ERROR;
				CLANG_WARN_DOCUMENTATION_COMMENTS = YES;
				CLANG_WARN_EMPTY_BODY = YES;
				CLANG_WARN_ENUM_CONVERSION = YES;
				CLANG_WARN_INFINITE_RECURSION = YES;
				CLANG_WARN_INT_CONVERSION = YES;
				CLANG_WARN_NON_LITERAL_NULL_CONVERSION = YES;
				CLANG_WARN_OBJC_IMPLICIT_RETAIN_SELF = YES;
				CLANG_WARN_OBJC_LITERAL_CONVERSION = YES;
				CLANG_WARN_OBJC_ROOT_CLASS = YES_ERROR;
				CLANG_WARN_QUOTED_INCLUDE_IN_FRAMEWORK_HEADER = YES;
				CLANG_WARN_RANGE_LOOP_ANALYSIS = YES;
				CLANG_WARN_STRICT_PROTOTYPES = YES;
				CLANG_WARN_SUSPICIOUS_MOVE = YES;
				CLANG_WARN_UNGUARDED_AVAILABILITY = YES_AGGRESSIVE;
				CLANG_WARN_UNREACHABLE_CODE = YES;
				CLANG_WARN__DUPLICATE_METHOD_MATCH = YES;
				CODE_SIGN_IDENTITY = "iPhone Developer";
				COPY_PHASE_STRIP = NO;
				CURRENT_PROJECT_VERSION = 1;
				DEBUG_INFORMATION_FORMAT = dwarf;
				ENABLE_STRICT_OBJC_MSGSEND = YES;
				ENABLE_TESTABILITY = YES;
				GCC_C_LANGUAGE_STANDARD = gnu11;
				GCC_DYNAMIC_NO_PIC = NO;
				GCC_NO_COMMON_BLOCKS = YES;
				GCC_OPTIMIZATION_LEVEL = 0;
				GCC_PREPROCESSOR_DEFINITIONS = (
					"DEBUG=1",
					"$(inherited)",
					"RUNA_STAGING=1",
				);
				GCC_WARN_64_TO_32_BIT_CONVERSION = YES;
				GCC_WARN_ABOUT_RETURN_TYPE = YES_ERROR;
				GCC_WARN_UNDECLARED_SELECTOR = YES;
				GCC_WARN_UNINITIALIZED_AUTOS = YES_AGGRESSIVE;
				GCC_WARN_UNUSED_FUNCTION = YES;
				GCC_WARN_UNUSED_VARIABLE = YES;
				IPHONEOS_DEPLOYMENT_TARGET = 10.0;
				MTL_ENABLE_DEBUG_INFO = INCLUDE_SOURCE;
				MTL_FAST_MATH = YES;
				ONLY_ACTIVE_ARCH = YES;
				SDKROOT = iphoneos;
				VERSIONING_SYSTEM = "apple-generic";
				VERSION_INFO_PREFIX = "";
			};
			name = Staging;
		};
		320D3AE521FEA7E3004635C8 /* Staging */ = {
			isa = XCBuildConfiguration;
			buildSettings = {
				CODE_SIGN_IDENTITY = "";
				CODE_SIGN_STYLE = Automatic;
				DEFINES_MODULE = YES;
				DYLIB_COMPATIBILITY_VERSION = 1;
				DYLIB_CURRENT_VERSION = "";
				DYLIB_INSTALL_NAME_BASE = "@rpath";
				GCC_PREFIX_HEADER = RUNA/PrefixHeader.pch;
				HEADER_SEARCH_PATHS = "";
				INFOPLIST_FILE = RUNA/Info.plist;
				INSTALL_PATH = "$(LOCAL_LIBRARY_DIR)/Frameworks";
				LD_RUNPATH_SEARCH_PATHS = (
					"$(inherited)",
					"@executable_path/Frameworks",
					"@loader_path/Frameworks",
				);
				MACH_O_TYPE = mh_dylib;
				MODULEMAP_FILE = RUNA/RUNABanner.modulemap;
				OTHER_LDFLAGS = "-ObjC";
				PRODUCT_BUNDLE_IDENTIFIER = com.rakuten.ads.ios.runa;
				PRODUCT_NAME = "RUNA$(TARGET_NAME:c99extidentifier)";
				SKIP_INSTALL = YES;
				SUPPORTS_MACCATALYST = NO;
				TARGETED_DEVICE_FAMILY = "1,2";
			};
			name = Staging;
		};
		320D3AE621FEA7E3004635C8 /* Staging */ = {
			isa = XCBuildConfiguration;
			buildSettings = {
				CODE_SIGN_STYLE = Automatic;
				HEADER_SEARCH_PATHS = "$(PROJECT_DIR)/RUNA/**";
				INFOPLIST_FILE = RUNATests/Info.plist;
				LD_RUNPATH_SEARCH_PATHS = (
					"$(inherited)",
					"@executable_path/Frameworks",
					"@loader_path/Frameworks",
				);
				PRODUCT_BUNDLE_IDENTIFIER = com.rakuten.runa.sdk.RUNATests;
				PRODUCT_NAME = "$(TARGET_NAME)";
				TARGETED_DEVICE_FAMILY = "1,2";
			};
			name = Staging;
		};
		320D3AE721FEA7E3004635C8 /* Staging */ = {
			isa = XCBuildConfiguration;
			buildSettings = {
				CODE_SIGN_STYLE = Automatic;
				PRODUCT_NAME = "$(TARGET_NAME)";
			};
			name = Staging;
		};
		325FF75021F0709800A899CF /* Debug */ = {
			isa = XCBuildConfiguration;
			buildSettings = {
				CODE_SIGN_STYLE = Automatic;
				PRODUCT_NAME = "$(TARGET_NAME)";
			};
			name = Debug;
		};
		325FF75121F0709800A899CF /* Release */ = {
			isa = XCBuildConfiguration;
			buildSettings = {
				CODE_SIGN_STYLE = Automatic;
				PRODUCT_NAME = "$(TARGET_NAME)";
			};
			name = Release;
		};
		32F258F221E58689001FD9C0 /* Debug */ = {
			isa = XCBuildConfiguration;
			buildSettings = {
				ALWAYS_SEARCH_USER_PATHS = NO;
				CLANG_ANALYZER_NONNULL = YES;
				CLANG_ANALYZER_NUMBER_OBJECT_CONVERSION = YES_AGGRESSIVE;
				CLANG_CXX_LANGUAGE_STANDARD = "gnu++14";
				CLANG_CXX_LIBRARY = "libc++";
				CLANG_ENABLE_MODULES = YES;
				CLANG_ENABLE_OBJC_ARC = YES;
				CLANG_ENABLE_OBJC_WEAK = YES;
				CLANG_WARN_BLOCK_CAPTURE_AUTORELEASING = YES;
				CLANG_WARN_BOOL_CONVERSION = YES;
				CLANG_WARN_COMMA = YES;
				CLANG_WARN_CONSTANT_CONVERSION = YES;
				CLANG_WARN_DEPRECATED_OBJC_IMPLEMENTATIONS = YES;
				CLANG_WARN_DIRECT_OBJC_ISA_USAGE = YES_ERROR;
				CLANG_WARN_DOCUMENTATION_COMMENTS = YES;
				CLANG_WARN_EMPTY_BODY = YES;
				CLANG_WARN_ENUM_CONVERSION = YES;
				CLANG_WARN_INFINITE_RECURSION = YES;
				CLANG_WARN_INT_CONVERSION = YES;
				CLANG_WARN_NON_LITERAL_NULL_CONVERSION = YES;
				CLANG_WARN_OBJC_IMPLICIT_RETAIN_SELF = YES;
				CLANG_WARN_OBJC_LITERAL_CONVERSION = YES;
				CLANG_WARN_OBJC_ROOT_CLASS = YES_ERROR;
				CLANG_WARN_QUOTED_INCLUDE_IN_FRAMEWORK_HEADER = YES;
				CLANG_WARN_RANGE_LOOP_ANALYSIS = YES;
				CLANG_WARN_STRICT_PROTOTYPES = YES;
				CLANG_WARN_SUSPICIOUS_MOVE = YES;
				CLANG_WARN_UNGUARDED_AVAILABILITY = YES_AGGRESSIVE;
				CLANG_WARN_UNREACHABLE_CODE = YES;
				CLANG_WARN__DUPLICATE_METHOD_MATCH = YES;
				CODE_SIGN_IDENTITY = "iPhone Developer";
				COPY_PHASE_STRIP = NO;
				CURRENT_PROJECT_VERSION = 1;
				DEBUG_INFORMATION_FORMAT = dwarf;
				ENABLE_STRICT_OBJC_MSGSEND = YES;
				ENABLE_TESTABILITY = YES;
				GCC_C_LANGUAGE_STANDARD = gnu11;
				GCC_DYNAMIC_NO_PIC = NO;
				GCC_NO_COMMON_BLOCKS = YES;
				GCC_OPTIMIZATION_LEVEL = 0;
				GCC_PREPROCESSOR_DEFINITIONS = (
					"DEBUG=1",
					"$(inherited)",
				);
				GCC_WARN_64_TO_32_BIT_CONVERSION = YES;
				GCC_WARN_ABOUT_RETURN_TYPE = YES_ERROR;
				GCC_WARN_UNDECLARED_SELECTOR = YES;
				GCC_WARN_UNINITIALIZED_AUTOS = YES_AGGRESSIVE;
				GCC_WARN_UNUSED_FUNCTION = YES;
				GCC_WARN_UNUSED_VARIABLE = YES;
				IPHONEOS_DEPLOYMENT_TARGET = 10.0;
				MTL_ENABLE_DEBUG_INFO = INCLUDE_SOURCE;
				MTL_FAST_MATH = YES;
				ONLY_ACTIVE_ARCH = YES;
				SDKROOT = iphoneos;
				VERSIONING_SYSTEM = "apple-generic";
				VERSION_INFO_PREFIX = "";
			};
			name = Debug;
		};
		32F258F321E58689001FD9C0 /* Release */ = {
			isa = XCBuildConfiguration;
			buildSettings = {
				ALWAYS_SEARCH_USER_PATHS = NO;
				CLANG_ANALYZER_NONNULL = YES;
				CLANG_ANALYZER_NUMBER_OBJECT_CONVERSION = YES_AGGRESSIVE;
				CLANG_CXX_LANGUAGE_STANDARD = "gnu++14";
				CLANG_CXX_LIBRARY = "libc++";
				CLANG_ENABLE_MODULES = YES;
				CLANG_ENABLE_OBJC_ARC = YES;
				CLANG_ENABLE_OBJC_WEAK = YES;
				CLANG_WARN_BLOCK_CAPTURE_AUTORELEASING = YES;
				CLANG_WARN_BOOL_CONVERSION = YES;
				CLANG_WARN_COMMA = YES;
				CLANG_WARN_CONSTANT_CONVERSION = YES;
				CLANG_WARN_DEPRECATED_OBJC_IMPLEMENTATIONS = YES;
				CLANG_WARN_DIRECT_OBJC_ISA_USAGE = YES_ERROR;
				CLANG_WARN_DOCUMENTATION_COMMENTS = YES;
				CLANG_WARN_EMPTY_BODY = YES;
				CLANG_WARN_ENUM_CONVERSION = YES;
				CLANG_WARN_INFINITE_RECURSION = YES;
				CLANG_WARN_INT_CONVERSION = YES;
				CLANG_WARN_NON_LITERAL_NULL_CONVERSION = YES;
				CLANG_WARN_OBJC_IMPLICIT_RETAIN_SELF = YES;
				CLANG_WARN_OBJC_LITERAL_CONVERSION = YES;
				CLANG_WARN_OBJC_ROOT_CLASS = YES_ERROR;
				CLANG_WARN_QUOTED_INCLUDE_IN_FRAMEWORK_HEADER = YES;
				CLANG_WARN_RANGE_LOOP_ANALYSIS = YES;
				CLANG_WARN_STRICT_PROTOTYPES = YES;
				CLANG_WARN_SUSPICIOUS_MOVE = YES;
				CLANG_WARN_UNGUARDED_AVAILABILITY = YES_AGGRESSIVE;
				CLANG_WARN_UNREACHABLE_CODE = YES;
				CLANG_WARN__DUPLICATE_METHOD_MATCH = YES;
				CODE_SIGN_IDENTITY = "iPhone Developer";
				COPY_PHASE_STRIP = NO;
				CURRENT_PROJECT_VERSION = 1;
				DEBUG_INFORMATION_FORMAT = "dwarf-with-dsym";
				ENABLE_NS_ASSERTIONS = NO;
				ENABLE_STRICT_OBJC_MSGSEND = YES;
				GCC_C_LANGUAGE_STANDARD = gnu11;
				GCC_NO_COMMON_BLOCKS = YES;
				GCC_PREPROCESSOR_DEFINITIONS = "RUNA_PRODUCTION=1";
				GCC_WARN_64_TO_32_BIT_CONVERSION = YES;
				GCC_WARN_ABOUT_RETURN_TYPE = YES_ERROR;
				GCC_WARN_UNDECLARED_SELECTOR = YES;
				GCC_WARN_UNINITIALIZED_AUTOS = YES_AGGRESSIVE;
				GCC_WARN_UNUSED_FUNCTION = YES;
				GCC_WARN_UNUSED_VARIABLE = YES;
				IPHONEOS_DEPLOYMENT_TARGET = 10.0;
				MTL_ENABLE_DEBUG_INFO = NO;
				MTL_FAST_MATH = YES;
				SDKROOT = iphoneos;
				VALIDATE_PRODUCT = YES;
				VERSIONING_SYSTEM = "apple-generic";
				VERSION_INFO_PREFIX = "";
			};
			name = Release;
		};
		32F258F521E58689001FD9C0 /* Debug */ = {
			isa = XCBuildConfiguration;
			buildSettings = {
				CODE_SIGN_IDENTITY = "";
				CODE_SIGN_STYLE = Automatic;
				DEFINES_MODULE = YES;
				DYLIB_COMPATIBILITY_VERSION = 1;
				DYLIB_CURRENT_VERSION = "";
				DYLIB_INSTALL_NAME_BASE = "@rpath";
				GCC_PREFIX_HEADER = RUNA/PrefixHeader.pch;
				HEADER_SEARCH_PATHS = "";
				INFOPLIST_FILE = RUNA/Info.plist;
				INSTALL_PATH = "$(LOCAL_LIBRARY_DIR)/Frameworks";
				LD_RUNPATH_SEARCH_PATHS = (
					"$(inherited)",
					"@executable_path/Frameworks",
					"@loader_path/Frameworks",
				);
				MACH_O_TYPE = mh_dylib;
				MODULEMAP_FILE = RUNA/RUNABanner.modulemap;
				OTHER_LDFLAGS = "-ObjC";
				PRODUCT_BUNDLE_IDENTIFIER = com.rakuten.ads.ios.runa;
				PRODUCT_NAME = "RUNA$(TARGET_NAME:c99extidentifier)";
				SKIP_INSTALL = YES;
				SUPPORTS_MACCATALYST = NO;
				TARGETED_DEVICE_FAMILY = "1,2";
			};
			name = Debug;
		};
		32F258F621E58689001FD9C0 /* Release */ = {
			isa = XCBuildConfiguration;
			buildSettings = {
				CODE_SIGN_IDENTITY = "";
				CODE_SIGN_STYLE = Automatic;
				DEFINES_MODULE = YES;
				DYLIB_COMPATIBILITY_VERSION = 1;
				DYLIB_CURRENT_VERSION = "";
				DYLIB_INSTALL_NAME_BASE = "@rpath";
				"EXCLUDED_ARCHS[sdk=iphonesimulator*]" = "armv7 arm64";
				GCC_PREFIX_HEADER = RUNA/PrefixHeader.pch;
				HEADER_SEARCH_PATHS = "";
				INFOPLIST_FILE = RUNA/Info.plist;
				INSTALL_PATH = "$(LOCAL_LIBRARY_DIR)/Frameworks";
				LD_RUNPATH_SEARCH_PATHS = (
					"$(inherited)",
					"@executable_path/Frameworks",
					"@loader_path/Frameworks",
				);
				MACH_O_TYPE = mh_dylib;
				MODULEMAP_FILE = RUNA/RUNABanner.modulemap;
				OTHER_LDFLAGS = "-ObjC";
				PRODUCT_BUNDLE_IDENTIFIER = com.rakuten.ads.ios.runa;
				PRODUCT_NAME = "RUNA$(TARGET_NAME:c99extidentifier)";
				SKIP_INSTALL = YES;
				SUPPORTS_MACCATALYST = NO;
				TARGETED_DEVICE_FAMILY = "1,2";
			};
			name = Release;
		};
		32F258F821E58689001FD9C0 /* Debug */ = {
			isa = XCBuildConfiguration;
			buildSettings = {
				CODE_SIGN_STYLE = Automatic;
				HEADER_SEARCH_PATHS = "$(PROJECT_DIR)/RUNA/**";
				INFOPLIST_FILE = RUNATests/Info.plist;
				LD_RUNPATH_SEARCH_PATHS = (
					"$(inherited)",
					"@executable_path/Frameworks",
					"@loader_path/Frameworks",
				);
				PRODUCT_BUNDLE_IDENTIFIER = com.rakuten.runa.sdk.RUNATests;
				PRODUCT_NAME = "$(TARGET_NAME)";
				TARGETED_DEVICE_FAMILY = "1,2";
			};
			name = Debug;
		};
		32F258F921E58689001FD9C0 /* Release */ = {
			isa = XCBuildConfiguration;
			buildSettings = {
				CODE_SIGN_STYLE = Automatic;
				HEADER_SEARCH_PATHS = "$(PROJECT_DIR)/RUNA/**";
				INFOPLIST_FILE = RUNATests/Info.plist;
				LD_RUNPATH_SEARCH_PATHS = (
					"$(inherited)",
					"@executable_path/Frameworks",
					"@loader_path/Frameworks",
				);
				PRODUCT_BUNDLE_IDENTIFIER = com.rakuten.runa.sdk.RUNATests;
				PRODUCT_NAME = "$(TARGET_NAME)";
				TARGETED_DEVICE_FAMILY = "1,2";
			};
			name = Release;
		};
/* End XCBuildConfiguration section */

/* Begin XCConfigurationList section */
		325FF74F21F0709800A899CF /* Build configuration list for PBXAggregateTarget "Aggregate" */ = {
			isa = XCConfigurationList;
			buildConfigurations = (
				325FF75021F0709800A899CF /* Debug */,
				320D3AE721FEA7E3004635C8 /* Staging */,
				325FF75121F0709800A899CF /* Release */,
			);
			defaultConfigurationIsVisible = 0;
			defaultConfigurationName = Release;
		};
		32F258DA21E58689001FD9C0 /* Build configuration list for PBXProject "Banner" */ = {
			isa = XCConfigurationList;
			buildConfigurations = (
				32F258F221E58689001FD9C0 /* Debug */,
				320D3AE421FEA7E3004635C8 /* Staging */,
				32F258F321E58689001FD9C0 /* Release */,
			);
			defaultConfigurationIsVisible = 0;
			defaultConfigurationName = Release;
		};
		32F258F421E58689001FD9C0 /* Build configuration list for PBXNativeTarget "Banner" */ = {
			isa = XCConfigurationList;
			buildConfigurations = (
				32F258F521E58689001FD9C0 /* Debug */,
				320D3AE521FEA7E3004635C8 /* Staging */,
				32F258F621E58689001FD9C0 /* Release */,
			);
			defaultConfigurationIsVisible = 0;
			defaultConfigurationName = Release;
		};
		32F258F721E58689001FD9C0 /* Build configuration list for PBXNativeTarget "BannerTests" */ = {
			isa = XCConfigurationList;
			buildConfigurations = (
				32F258F821E58689001FD9C0 /* Debug */,
				320D3AE621FEA7E3004635C8 /* Staging */,
				32F258F921E58689001FD9C0 /* Release */,
			);
			defaultConfigurationIsVisible = 0;
			defaultConfigurationName = Release;
		};
/* End XCConfigurationList section */
	};
	rootObject = 32F258D721E58689001FD9C0 /* Project object */;
}
